// !$*UTF8*$!
{
	archiveVersion = 1;
	classes = {
	};
	objectVersion = 48;
	objects = {

/* Begin PBXBuildFile section */
		00EA32B8E4FB88944BB0EB04 /* Pods_BridgeCup.framework in Frameworks */ = {isa = PBXBuildFile; fileRef = 6A55BAC72AC6E2FBDFB5B350 /* Pods_BridgeCup.framework */; };
		0A968387BF2A6049ECCDA27A /* Pods_BridgeCupTests.framework in Frameworks */ = {isa = PBXBuildFile; fileRef = 464E7650E70C218B7FD833AE /* Pods_BridgeCupTests.framework */; };
		3484FDF1600399D22ED00FF0 /* Pods_BridgeCupUITests.framework in Frameworks */ = {isa = PBXBuildFile; fileRef = B0CC55F55E8EF3416A0C8716 /* Pods_BridgeCupUITests.framework */; };
		8235DBF220877FA400CBCD20 /* AppDelegate.swift in Sources */ = {isa = PBXBuildFile; fileRef = 8235DBF120877FA400CBCD20 /* AppDelegate.swift */; };
		8235DBF420877FA400CBCD20 /* GruposViewController.swift in Sources */ = {isa = PBXBuildFile; fileRef = 8235DBF320877FA400CBCD20 /* GruposViewController.swift */; };
		8235DBF720877FA400CBCD20 /* Main.storyboard in Resources */ = {isa = PBXBuildFile; fileRef = 8235DBF520877FA400CBCD20 /* Main.storyboard */; };
		8235DBF920877FA400CBCD20 /* Assets.xcassets in Resources */ = {isa = PBXBuildFile; fileRef = 8235DBF820877FA400CBCD20 /* Assets.xcassets */; };
		8235DBFC20877FA400CBCD20 /* LaunchScreen.storyboard in Resources */ = {isa = PBXBuildFile; fileRef = 8235DBFA20877FA400CBCD20 /* LaunchScreen.storyboard */; };
		8235DC0720877FA400CBCD20 /* BridgeCupTests.swift in Sources */ = {isa = PBXBuildFile; fileRef = 8235DC0620877FA400CBCD20 /* BridgeCupTests.swift */; };
		8235DC1220877FA400CBCD20 /* BridgeCupUITests.swift in Sources */ = {isa = PBXBuildFile; fileRef = 8235DC1120877FA400CBCD20 /* BridgeCupUITests.swift */; };
		CDE6325B4495267675CF43FB /* GrupoTableViewCell.swift in Sources */ = {isa = PBXBuildFile; fileRef = CDE63AEB1885C13488F15B88 /* GrupoTableViewCell.swift */; };
		CDE6336DC169D72AA32A6FC7 /* BridgeCupRestClientUtil.swift in Sources */ = {isa = PBXBuildFile; fileRef = CDE63A83E81069B11BCE223F /* BridgeCupRestClientUtil.swift */; };
		CDE6339F7596C76F09713140 /* Grupo.swift in Sources */ = {isa = PBXBuildFile; fileRef = CDE63042C14ED6FDC3A7B933 /* Grupo.swift */; };
		CDE633CBE092A317CF3780BC /* DownloadFromURL.swift in Sources */ = {isa = PBXBuildFile; fileRef = CDE632EF57388B62FB6AF1C1 /* DownloadFromURL.swift */; };
		CDE63500F4A8ADC2C9598894 /* Colors.swift in Sources */ = {isa = PBXBuildFile; fileRef = CDE6311A4BDE37953C16B0E6 /* Colors.swift */; };
		CDE6359454EC299D9C957C9F /* Selecao.swift in Sources */ = {isa = PBXBuildFile; fileRef = CDE6399094AE629F8CE0DC64 /* Selecao.swift */; };
		CDE6379C1F7D58026E68F3A7 /* CardView.swift in Sources */ = {isa = PBXBuildFile; fileRef = CDE6363BDB1C35E6D4EE85BF /* CardView.swift */; };
		CDE6387B56FE9CDFB47D8145 /* SyncGrupos.swift in Sources */ = {isa = PBXBuildFile; fileRef = CDE6324106AC5F80DBD75E77 /* SyncGrupos.swift */; };
/* End PBXBuildFile section */

/* Begin PBXContainerItemProxy section */
		8235DC0320877FA400CBCD20 /* PBXContainerItemProxy */ = {
			isa = PBXContainerItemProxy;
			containerPortal = 8235DBE620877FA400CBCD20 /* Project object */;
			proxyType = 1;
			remoteGlobalIDString = 8235DBED20877FA400CBCD20;
			remoteInfo = BridgeCup;
		};
		8235DC0E20877FA400CBCD20 /* PBXContainerItemProxy */ = {
			isa = PBXContainerItemProxy;
			containerPortal = 8235DBE620877FA400CBCD20 /* Project object */;
			proxyType = 1;
			remoteGlobalIDString = 8235DBED20877FA400CBCD20;
			remoteInfo = BridgeCup;
		};
/* End PBXContainerItemProxy section */

/* Begin PBXFileReference section */
		464E7650E70C218B7FD833AE /* Pods_BridgeCupTests.framework */ = {isa = PBXFileReference; explicitFileType = wrapper.framework; includeInIndex = 0; path = Pods_BridgeCupTests.framework; sourceTree = BUILT_PRODUCTS_DIR; };
		5AA9EDD9FB7FE88124692510 /* Pods-BridgeCupTests.release.xcconfig */ = {isa = PBXFileReference; includeInIndex = 1; lastKnownFileType = text.xcconfig; name = "Pods-BridgeCupTests.release.xcconfig"; path = "Pods/Target Support Files/Pods-BridgeCupTests/Pods-BridgeCupTests.release.xcconfig"; sourceTree = "<group>"; };
		6A55BAC72AC6E2FBDFB5B350 /* Pods_BridgeCup.framework */ = {isa = PBXFileReference; explicitFileType = wrapper.framework; includeInIndex = 0; path = Pods_BridgeCup.framework; sourceTree = BUILT_PRODUCTS_DIR; };
		8235DBEE20877FA400CBCD20 /* BridgeCup.app */ = {isa = PBXFileReference; explicitFileType = wrapper.application; includeInIndex = 0; path = BridgeCup.app; sourceTree = BUILT_PRODUCTS_DIR; };
		8235DBF120877FA400CBCD20 /* AppDelegate.swift */ = {isa = PBXFileReference; lastKnownFileType = sourcecode.swift; path = AppDelegate.swift; sourceTree = "<group>"; };
		8235DBF320877FA400CBCD20 /* GruposViewController.swift */ = {isa = PBXFileReference; lastKnownFileType = sourcecode.swift; path = GruposViewController.swift; sourceTree = "<group>"; };
		8235DBF620877FA400CBCD20 /* Base */ = {isa = PBXFileReference; lastKnownFileType = file.storyboard; name = Base; path = Base.lproj/Main.storyboard; sourceTree = "<group>"; };
		8235DBF820877FA400CBCD20 /* Assets.xcassets */ = {isa = PBXFileReference; lastKnownFileType = folder.assetcatalog; path = Assets.xcassets; sourceTree = "<group>"; };
		8235DBFB20877FA400CBCD20 /* Base */ = {isa = PBXFileReference; lastKnownFileType = file.storyboard; name = Base; path = Base.lproj/LaunchScreen.storyboard; sourceTree = "<group>"; };
		8235DBFD20877FA400CBCD20 /* Info.plist */ = {isa = PBXFileReference; lastKnownFileType = text.plist.xml; path = Info.plist; sourceTree = "<group>"; };
		8235DC0220877FA400CBCD20 /* BridgeCupTests.xctest */ = {isa = PBXFileReference; explicitFileType = wrapper.cfbundle; includeInIndex = 0; path = BridgeCupTests.xctest; sourceTree = BUILT_PRODUCTS_DIR; };
		8235DC0620877FA400CBCD20 /* BridgeCupTests.swift */ = {isa = PBXFileReference; lastKnownFileType = sourcecode.swift; path = BridgeCupTests.swift; sourceTree = "<group>"; };
		8235DC0820877FA400CBCD20 /* Info.plist */ = {isa = PBXFileReference; lastKnownFileType = text.plist.xml; path = Info.plist; sourceTree = "<group>"; };
		8235DC0D20877FA400CBCD20 /* BridgeCupUITests.xctest */ = {isa = PBXFileReference; explicitFileType = wrapper.cfbundle; includeInIndex = 0; path = BridgeCupUITests.xctest; sourceTree = BUILT_PRODUCTS_DIR; };
		8235DC1120877FA400CBCD20 /* BridgeCupUITests.swift */ = {isa = PBXFileReference; lastKnownFileType = sourcecode.swift; path = BridgeCupUITests.swift; sourceTree = "<group>"; };
		8235DC1320877FA400CBCD20 /* Info.plist */ = {isa = PBXFileReference; lastKnownFileType = text.plist.xml; path = Info.plist; sourceTree = "<group>"; };
		8F31037BA213699B641272C2 /* Pods-BridgeCup.release.xcconfig */ = {isa = PBXFileReference; includeInIndex = 1; lastKnownFileType = text.xcconfig; name = "Pods-BridgeCup.release.xcconfig"; path = "Pods/Target Support Files/Pods-BridgeCup/Pods-BridgeCup.release.xcconfig"; sourceTree = "<group>"; };
		A2D9FFCBDCE5D69BBC62A6AA /* Pods-BridgeCupUITests.debug.xcconfig */ = {isa = PBXFileReference; includeInIndex = 1; lastKnownFileType = text.xcconfig; name = "Pods-BridgeCupUITests.debug.xcconfig"; path = "Pods/Target Support Files/Pods-BridgeCupUITests/Pods-BridgeCupUITests.debug.xcconfig"; sourceTree = "<group>"; };
		B0349186111D78A5BD90E24A /* Pods-BridgeCupTests.debug.xcconfig */ = {isa = PBXFileReference; includeInIndex = 1; lastKnownFileType = text.xcconfig; name = "Pods-BridgeCupTests.debug.xcconfig"; path = "Pods/Target Support Files/Pods-BridgeCupTests/Pods-BridgeCupTests.debug.xcconfig"; sourceTree = "<group>"; };
		B0CC55F55E8EF3416A0C8716 /* Pods_BridgeCupUITests.framework */ = {isa = PBXFileReference; explicitFileType = wrapper.framework; includeInIndex = 0; path = Pods_BridgeCupUITests.framework; sourceTree = BUILT_PRODUCTS_DIR; };
		CDE63042C14ED6FDC3A7B933 /* Grupo.swift */ = {isa = PBXFileReference; fileEncoding = 4; lastKnownFileType = sourcecode.swift; path = Grupo.swift; sourceTree = "<group>"; };
		CDE6311A4BDE37953C16B0E6 /* Colors.swift */ = {isa = PBXFileReference; fileEncoding = 4; lastKnownFileType = sourcecode.swift; path = Colors.swift; sourceTree = "<group>"; };
		CDE6324106AC5F80DBD75E77 /* SyncGrupos.swift */ = {isa = PBXFileReference; fileEncoding = 4; lastKnownFileType = sourcecode.swift; path = SyncGrupos.swift; sourceTree = "<group>"; };
		CDE632EF57388B62FB6AF1C1 /* DownloadFromURL.swift */ = {isa = PBXFileReference; fileEncoding = 4; lastKnownFileType = sourcecode.swift; path = DownloadFromURL.swift; sourceTree = "<group>"; };
		CDE6363BDB1C35E6D4EE85BF /* CardView.swift */ = {isa = PBXFileReference; fileEncoding = 4; lastKnownFileType = sourcecode.swift; path = CardView.swift; sourceTree = "<group>"; };
		CDE6399094AE629F8CE0DC64 /* Selecao.swift */ = {isa = PBXFileReference; fileEncoding = 4; lastKnownFileType = sourcecode.swift; path = Selecao.swift; sourceTree = "<group>"; };
		CDE63A83E81069B11BCE223F /* BridgeCupRestClientUtil.swift */ = {isa = PBXFileReference; fileEncoding = 4; lastKnownFileType = sourcecode.swift; path = BridgeCupRestClientUtil.swift; sourceTree = "<group>"; };
		CDE63AEB1885C13488F15B88 /* GrupoTableViewCell.swift */ = {isa = PBXFileReference; fileEncoding = 4; lastKnownFileType = sourcecode.swift; path = GrupoTableViewCell.swift; sourceTree = "<group>"; };
		DED0DCC03241F46A25C19EDF /* Pods-BridgeCupUITests.release.xcconfig */ = {isa = PBXFileReference; includeInIndex = 1; lastKnownFileType = text.xcconfig; name = "Pods-BridgeCupUITests.release.xcconfig"; path = "Pods/Target Support Files/Pods-BridgeCupUITests/Pods-BridgeCupUITests.release.xcconfig"; sourceTree = "<group>"; };
		F9FAC673861620C2B4069EEE /* Pods-BridgeCup.debug.xcconfig */ = {isa = PBXFileReference; includeInIndex = 1; lastKnownFileType = text.xcconfig; name = "Pods-BridgeCup.debug.xcconfig"; path = "Pods/Target Support Files/Pods-BridgeCup/Pods-BridgeCup.debug.xcconfig"; sourceTree = "<group>"; };
/* End PBXFileReference section */

/* Begin PBXFrameworksBuildPhase section */
		8235DBEB20877FA400CBCD20 /* Frameworks */ = {
			isa = PBXFrameworksBuildPhase;
			buildActionMask = 2147483647;
			files = (
				00EA32B8E4FB88944BB0EB04 /* Pods_BridgeCup.framework in Frameworks */,
			);
			runOnlyForDeploymentPostprocessing = 0;
		};
		8235DBFF20877FA400CBCD20 /* Frameworks */ = {
			isa = PBXFrameworksBuildPhase;
			buildActionMask = 2147483647;
			files = (
				0A968387BF2A6049ECCDA27A /* Pods_BridgeCupTests.framework in Frameworks */,
			);
			runOnlyForDeploymentPostprocessing = 0;
		};
		8235DC0A20877FA400CBCD20 /* Frameworks */ = {
			isa = PBXFrameworksBuildPhase;
			buildActionMask = 2147483647;
			files = (
				3484FDF1600399D22ED00FF0 /* Pods_BridgeCupUITests.framework in Frameworks */,
			);
			runOnlyForDeploymentPostprocessing = 0;
		};
/* End PBXFrameworksBuildPhase section */

/* Begin PBXGroup section */
		7844233C3BB00F3AA5FCA5D3 /* Pods */ = {
			isa = PBXGroup;
			children = (
				F9FAC673861620C2B4069EEE /* Pods-BridgeCup.debug.xcconfig */,
				8F31037BA213699B641272C2 /* Pods-BridgeCup.release.xcconfig */,
				B0349186111D78A5BD90E24A /* Pods-BridgeCupTests.debug.xcconfig */,
				5AA9EDD9FB7FE88124692510 /* Pods-BridgeCupTests.release.xcconfig */,
				A2D9FFCBDCE5D69BBC62A6AA /* Pods-BridgeCupUITests.debug.xcconfig */,
				DED0DCC03241F46A25C19EDF /* Pods-BridgeCupUITests.release.xcconfig */,
			);
			name = Pods;
			sourceTree = "<group>";
		};
		8235DBE520877FA400CBCD20 = {
			isa = PBXGroup;
			children = (
				8235DBF020877FA400CBCD20 /* BridgeCup */,
				8235DC0520877FA400CBCD20 /* BridgeCupTests */,
				8235DC1020877FA400CBCD20 /* BridgeCupUITests */,
				8235DBEF20877FA400CBCD20 /* Products */,
				7844233C3BB00F3AA5FCA5D3 /* Pods */,
				B3156712CF58FB927EFCB32E /* Frameworks */,
			);
			sourceTree = "<group>";
		};
		8235DBEF20877FA400CBCD20 /* Products */ = {
			isa = PBXGroup;
			children = (
				8235DBEE20877FA400CBCD20 /* BridgeCup.app */,
				8235DC0220877FA400CBCD20 /* BridgeCupTests.xctest */,
				8235DC0D20877FA400CBCD20 /* BridgeCupUITests.xctest */,
			);
			name = Products;
			sourceTree = "<group>";
		};
		8235DBF020877FA400CBCD20 /* BridgeCup */ = {
			isa = PBXGroup;
			children = (
				8235DC2120891A0D00CBCD20 /* utils */,
				8235DC202087A0F200CBCD20 /* model */,
				8235DC1F2087815000CBCD20 /* sync */,
				8235DBF120877FA400CBCD20 /* AppDelegate.swift */,
				8235DBF320877FA400CBCD20 /* GruposViewController.swift */,
				8235DBF520877FA400CBCD20 /* Main.storyboard */,
				8235DBF820877FA400CBCD20 /* Assets.xcassets */,
				8235DBFA20877FA400CBCD20 /* LaunchScreen.storyboard */,
				8235DBFD20877FA400CBCD20 /* Info.plist */,
				CDE63AEB1885C13488F15B88 /* GrupoTableViewCell.swift */,
			);
			path = BridgeCup;
			sourceTree = "<group>";
		};
		8235DC0520877FA400CBCD20 /* BridgeCupTests */ = {
			isa = PBXGroup;
			children = (
				8235DC0620877FA400CBCD20 /* BridgeCupTests.swift */,
				8235DC0820877FA400CBCD20 /* Info.plist */,
			);
			path = BridgeCupTests;
			sourceTree = "<group>";
		};
		8235DC1020877FA400CBCD20 /* BridgeCupUITests */ = {
			isa = PBXGroup;
			children = (
				8235DC1120877FA400CBCD20 /* BridgeCupUITests.swift */,
				8235DC1320877FA400CBCD20 /* Info.plist */,
			);
			path = BridgeCupUITests;
			sourceTree = "<group>";
		};
		8235DC1F2087815000CBCD20 /* sync */ = {
			isa = PBXGroup;
			children = (
				CDE63A83E81069B11BCE223F /* BridgeCupRestClientUtil.swift */,
				CDE6324106AC5F80DBD75E77 /* SyncGrupos.swift */,
				CDE632EF57388B62FB6AF1C1 /* DownloadFromURL.swift */,
			);
			path = sync;
			sourceTree = "<group>";
		};
		8235DC202087A0F200CBCD20 /* model */ = {
			isa = PBXGroup;
			children = (
				CDE63042C14ED6FDC3A7B933 /* Grupo.swift */,
				CDE6399094AE629F8CE0DC64 /* Selecao.swift */,
			);
			path = model;
			sourceTree = "<group>";
		};
		8235DC2120891A0D00CBCD20 /* utils */ = {
			isa = PBXGroup;
			children = (
				CDE6311A4BDE37953C16B0E6 /* Colors.swift */,
				CDE6363BDB1C35E6D4EE85BF /* CardView.swift */,
			);
			path = utils;
			sourceTree = "<group>";
		};
		B3156712CF58FB927EFCB32E /* Frameworks */ = {
			isa = PBXGroup;
			children = (
				6A55BAC72AC6E2FBDFB5B350 /* Pods_BridgeCup.framework */,
				464E7650E70C218B7FD833AE /* Pods_BridgeCupTests.framework */,
				B0CC55F55E8EF3416A0C8716 /* Pods_BridgeCupUITests.framework */,
			);
			name = Frameworks;
			sourceTree = "<group>";
		};
/* End PBXGroup section */

/* Begin PBXNativeTarget section */
		8235DBED20877FA400CBCD20 /* BridgeCup */ = {
			isa = PBXNativeTarget;
			buildConfigurationList = 8235DC1620877FA400CBCD20 /* Build configuration list for PBXNativeTarget "BridgeCup" */;
			buildPhases = (
				A7632552EF8CBA66B9649B7E /* [CP] Check Pods Manifest.lock */,
				8235DBEA20877FA400CBCD20 /* Sources */,
				8235DBEB20877FA400CBCD20 /* Frameworks */,
				8235DBEC20877FA400CBCD20 /* Resources */,
				C5BA6F8E4B185B3B3DC42758 /* [CP] Embed Pods Frameworks */,
			);
			buildRules = (
			);
			dependencies = (
			);
			name = BridgeCup;
			productName = BridgeCup;
			productReference = 8235DBEE20877FA400CBCD20 /* BridgeCup.app */;
			productType = "com.apple.product-type.application";
		};
		8235DC0120877FA400CBCD20 /* BridgeCupTests */ = {
			isa = PBXNativeTarget;
			buildConfigurationList = 8235DC1920877FA400CBCD20 /* Build configuration list for PBXNativeTarget "BridgeCupTests" */;
			buildPhases = (
				59F2A7895D07F142526CB004 /* [CP] Check Pods Manifest.lock */,
				8235DBFE20877FA400CBCD20 /* Sources */,
				8235DBFF20877FA400CBCD20 /* Frameworks */,
				8235DC0020877FA400CBCD20 /* Resources */,
			);
			buildRules = (
			);
			dependencies = (
				8235DC0420877FA400CBCD20 /* PBXTargetDependency */,
			);
			name = BridgeCupTests;
			productName = BridgeCupTests;
			productReference = 8235DC0220877FA400CBCD20 /* BridgeCupTests.xctest */;
			productType = "com.apple.product-type.bundle.unit-test";
		};
		8235DC0C20877FA400CBCD20 /* BridgeCupUITests */ = {
			isa = PBXNativeTarget;
			buildConfigurationList = 8235DC1C20877FA400CBCD20 /* Build configuration list for PBXNativeTarget "BridgeCupUITests" */;
			buildPhases = (
				472626AE99BB7E7977EB4CEF /* [CP] Check Pods Manifest.lock */,
				8235DC0920877FA400CBCD20 /* Sources */,
				8235DC0A20877FA400CBCD20 /* Frameworks */,
				8235DC0B20877FA400CBCD20 /* Resources */,
			);
			buildRules = (
			);
			dependencies = (
				8235DC0F20877FA400CBCD20 /* PBXTargetDependency */,
			);
			name = BridgeCupUITests;
			productName = BridgeCupUITests;
			productReference = 8235DC0D20877FA400CBCD20 /* BridgeCupUITests.xctest */;
			productType = "com.apple.product-type.bundle.ui-testing";
		};
/* End PBXNativeTarget section */

/* Begin PBXProject section */
		8235DBE620877FA400CBCD20 /* Project object */ = {
			isa = PBXProject;
			attributes = {
				LastSwiftUpdateCheck = 0920;
				LastUpgradeCheck = 0920;
				ORGANIZATIONNAME = Bridge;
				TargetAttributes = {
					8235DBED20877FA400CBCD20 = {
						CreatedOnToolsVersion = 9.2;
						ProvisioningStyle = Automatic;
					};
					8235DC0120877FA400CBCD20 = {
						CreatedOnToolsVersion = 9.2;
						ProvisioningStyle = Automatic;
						TestTargetID = 8235DBED20877FA400CBCD20;
					};
					8235DC0C20877FA400CBCD20 = {
						CreatedOnToolsVersion = 9.2;
						ProvisioningStyle = Automatic;
						TestTargetID = 8235DBED20877FA400CBCD20;
					};
				};
			};
			buildConfigurationList = 8235DBE920877FA400CBCD20 /* Build configuration list for PBXProject "BridgeCup" */;
			compatibilityVersion = "Xcode 8.0";
			developmentRegion = en;
			hasScannedForEncodings = 0;
			knownRegions = (
				en,
				Base,
			);
			mainGroup = 8235DBE520877FA400CBCD20;
			productRefGroup = 8235DBEF20877FA400CBCD20 /* Products */;
			projectDirPath = "";
			projectRoot = "";
			targets = (
				8235DBED20877FA400CBCD20 /* BridgeCup */,
				8235DC0120877FA400CBCD20 /* BridgeCupTests */,
				8235DC0C20877FA400CBCD20 /* BridgeCupUITests */,
			);
		};
/* End PBXProject section */

/* Begin PBXResourcesBuildPhase section */
		8235DBEC20877FA400CBCD20 /* Resources */ = {
			isa = PBXResourcesBuildPhase;
			buildActionMask = 2147483647;
			files = (
				8235DBFC20877FA400CBCD20 /* LaunchScreen.storyboard in Resources */,
				8235DBF920877FA400CBCD20 /* Assets.xcassets in Resources */,
				8235DBF720877FA400CBCD20 /* Main.storyboard in Resources */,
			);
			runOnlyForDeploymentPostprocessing = 0;
		};
		8235DC0020877FA400CBCD20 /* Resources */ = {
			isa = PBXResourcesBuildPhase;
			buildActionMask = 2147483647;
			files = (
			);
			runOnlyForDeploymentPostprocessing = 0;
		};
		8235DC0B20877FA400CBCD20 /* Resources */ = {
			isa = PBXResourcesBuildPhase;
			buildActionMask = 2147483647;
			files = (
			);
			runOnlyForDeploymentPostprocessing = 0;
		};
/* End PBXResourcesBuildPhase section */

/* Begin PBXShellScriptBuildPhase section */
		472626AE99BB7E7977EB4CEF /* [CP] Check Pods Manifest.lock */ = {
			isa = PBXShellScriptBuildPhase;
			buildActionMask = 2147483647;
			files = (
			);
			inputPaths = (
				"${PODS_PODFILE_DIR_PATH}/Podfile.lock",
				"${PODS_ROOT}/Manifest.lock",
			);
			name = "[CP] Check Pods Manifest.lock";
			outputPaths = (
				"$(DERIVED_FILE_DIR)/Pods-BridgeCupUITests-checkManifestLockResult.txt",
			);
			runOnlyForDeploymentPostprocessing = 0;
			shellPath = /bin/sh;
			shellScript = "diff \"${PODS_PODFILE_DIR_PATH}/Podfile.lock\" \"${PODS_ROOT}/Manifest.lock\" > /dev/null\nif [ $? != 0 ] ; then\n    # print error to STDERR\n    echo \"error: The sandbox is not in sync with the Podfile.lock. Run 'pod install' or update your CocoaPods installation.\" >&2\n    exit 1\nfi\n# This output is used by Xcode 'outputs' to avoid re-running this script phase.\necho \"SUCCESS\" > \"${SCRIPT_OUTPUT_FILE_0}\"\n";
			showEnvVarsInLog = 0;
		};
		59F2A7895D07F142526CB004 /* [CP] Check Pods Manifest.lock */ = {
			isa = PBXShellScriptBuildPhase;
			buildActionMask = 2147483647;
			files = (
			);
			inputPaths = (
				"${PODS_PODFILE_DIR_PATH}/Podfile.lock",
				"${PODS_ROOT}/Manifest.lock",
			);
			name = "[CP] Check Pods Manifest.lock";
			outputPaths = (
				"$(DERIVED_FILE_DIR)/Pods-BridgeCupTests-checkManifestLockResult.txt",
			);
			runOnlyForDeploymentPostprocessing = 0;
			shellPath = /bin/sh;
			shellScript = "diff \"${PODS_PODFILE_DIR_PATH}/Podfile.lock\" \"${PODS_ROOT}/Manifest.lock\" > /dev/null\nif [ $? != 0 ] ; then\n    # print error to STDERR\n    echo \"error: The sandbox is not in sync with the Podfile.lock. Run 'pod install' or update your CocoaPods installation.\" >&2\n    exit 1\nfi\n# This output is used by Xcode 'outputs' to avoid re-running this script phase.\necho \"SUCCESS\" > \"${SCRIPT_OUTPUT_FILE_0}\"\n";
			showEnvVarsInLog = 0;
		};
		A7632552EF8CBA66B9649B7E /* [CP] Check Pods Manifest.lock */ = {
			isa = PBXShellScriptBuildPhase;
			buildActionMask = 2147483647;
			files = (
			);
			inputPaths = (
				"${PODS_PODFILE_DIR_PATH}/Podfile.lock",
				"${PODS_ROOT}/Manifest.lock",
			);
			name = "[CP] Check Pods Manifest.lock";
			outputPaths = (
				"$(DERIVED_FILE_DIR)/Pods-BridgeCup-checkManifestLockResult.txt",
			);
			runOnlyForDeploymentPostprocessing = 0;
			shellPath = /bin/sh;
			shellScript = "diff \"${PODS_PODFILE_DIR_PATH}/Podfile.lock\" \"${PODS_ROOT}/Manifest.lock\" > /dev/null\nif [ $? != 0 ] ; then\n    # print error to STDERR\n    echo \"error: The sandbox is not in sync with the Podfile.lock. Run 'pod install' or update your CocoaPods installation.\" >&2\n    exit 1\nfi\n# This output is used by Xcode 'outputs' to avoid re-running this script phase.\necho \"SUCCESS\" > \"${SCRIPT_OUTPUT_FILE_0}\"\n";
			showEnvVarsInLog = 0;
		};
		C5BA6F8E4B185B3B3DC42758 /* [CP] Embed Pods Frameworks */ = {
			isa = PBXShellScriptBuildPhase;
			buildActionMask = 2147483647;
			files = (
			);
			inputPaths = (
				"${SRCROOT}/Pods/Target Support Files/Pods-BridgeCup/Pods-BridgeCup-frameworks.sh",
				"${BUILT_PRODUCTS_DIR}/Alamofire/Alamofire.framework",
			);
			name = "[CP] Embed Pods Frameworks";
			outputPaths = (
				"${TARGET_BUILD_DIR}/${FRAMEWORKS_FOLDER_PATH}/Alamofire.framework",
			);
			runOnlyForDeploymentPostprocessing = 0;
			shellPath = /bin/sh;
			shellScript = "\"${SRCROOT}/Pods/Target Support Files/Pods-BridgeCup/Pods-BridgeCup-frameworks.sh\"\n";
			showEnvVarsInLog = 0;
		};
/* End PBXShellScriptBuildPhase section */

/* Begin PBXSourcesBuildPhase section */
		8235DBEA20877FA400CBCD20 /* Sources */ = {
			isa = PBXSourcesBuildPhase;
			buildActionMask = 2147483647;
			files = (
				8235DBF420877FA400CBCD20 /* GruposViewController.swift in Sources */,
				8235DBF220877FA400CBCD20 /* AppDelegate.swift in Sources */,
				CDE6336DC169D72AA32A6FC7 /* BridgeCupRestClientUtil.swift in Sources */,
				CDE6387B56FE9CDFB47D8145 /* SyncGrupos.swift in Sources */,
				CDE6339F7596C76F09713140 /* Grupo.swift in Sources */,
				CDE6359454EC299D9C957C9F /* Selecao.swift in Sources */,
				CDE6325B4495267675CF43FB /* GrupoTableViewCell.swift in Sources */,
				CDE633CBE092A317CF3780BC /* DownloadFromURL.swift in Sources */,
				CDE63500F4A8ADC2C9598894 /* Colors.swift in Sources */,
				CDE6379C1F7D58026E68F3A7 /* CardView.swift in Sources */,
			);
			runOnlyForDeploymentPostprocessing = 0;
		};
		8235DBFE20877FA400CBCD20 /* Sources */ = {
			isa = PBXSourcesBuildPhase;
			buildActionMask = 2147483647;
			files = (
				8235DC0720877FA400CBCD20 /* BridgeCupTests.swift in Sources */,
			);
			runOnlyForDeploymentPostprocessing = 0;
		};
		8235DC0920877FA400CBCD20 /* Sources */ = {
			isa = PBXSourcesBuildPhase;
			buildActionMask = 2147483647;
			files = (
				8235DC1220877FA400CBCD20 /* BridgeCupUITests.swift in Sources */,
			);
			runOnlyForDeploymentPostprocessing = 0;
		};
/* End PBXSourcesBuildPhase section */

/* Begin PBXTargetDependency section */
		8235DC0420877FA400CBCD20 /* PBXTargetDependency */ = {
			isa = PBXTargetDependency;
			target = 8235DBED20877FA400CBCD20 /* BridgeCup */;
			targetProxy = 8235DC0320877FA400CBCD20 /* PBXContainerItemProxy */;
		};
		8235DC0F20877FA400CBCD20 /* PBXTargetDependency */ = {
			isa = PBXTargetDependency;
			target = 8235DBED20877FA400CBCD20 /* BridgeCup */;
			targetProxy = 8235DC0E20877FA400CBCD20 /* PBXContainerItemProxy */;
		};
/* End PBXTargetDependency section */

/* Begin PBXVariantGroup section */
		8235DBF520877FA400CBCD20 /* Main.storyboard */ = {
			isa = PBXVariantGroup;
			children = (
				8235DBF620877FA400CBCD20 /* Base */,
			);
			name = Main.storyboard;
			sourceTree = "<group>";
		};
		8235DBFA20877FA400CBCD20 /* LaunchScreen.storyboard */ = {
			isa = PBXVariantGroup;
			children = (
				8235DBFB20877FA400CBCD20 /* Base */,
			);
			name = LaunchScreen.storyboard;
			sourceTree = "<group>";
		};
/* End PBXVariantGroup section */

/* Begin XCBuildConfiguration section */
		8235DC1420877FA400CBCD20 /* Debug */ = {
			isa = XCBuildConfiguration;
			buildSettings = {
				ALWAYS_SEARCH_USER_PATHS = NO;
				CLANG_ANALYZER_NONNULL = YES;
				CLANG_ANALYZER_NUMBER_OBJECT_CONVERSION = YES_AGGRESSIVE;
				CLANG_CXX_LANGUAGE_STANDARD = "gnu++14";
				CLANG_CXX_LIBRARY = "libc++";
				CLANG_ENABLE_MODULES = YES;
				CLANG_ENABLE_OBJC_ARC = YES;
				CLANG_WARN_BLOCK_CAPTURE_AUTORELEASING = YES;
				CLANG_WARN_BOOL_CONVERSION = YES;
				CLANG_WARN_COMMA = YES;
				CLANG_WARN_CONSTANT_CONVERSION = YES;
				CLANG_WARN_DIRECT_OBJC_ISA_USAGE = YES_ERROR;
				CLANG_WARN_DOCUMENTATION_COMMENTS = YES;
				CLANG_WARN_EMPTY_BODY = YES;
				CLANG_WARN_ENUM_CONVERSION = YES;
				CLANG_WARN_INFINITE_RECURSION = YES;
				CLANG_WARN_INT_CONVERSION = YES;
				CLANG_WARN_NON_LITERAL_NULL_CONVERSION = YES;
				CLANG_WARN_OBJC_LITERAL_CONVERSION = YES;
				CLANG_WARN_OBJC_ROOT_CLASS = YES_ERROR;
				CLANG_WARN_RANGE_LOOP_ANALYSIS = YES;
				CLANG_WARN_STRICT_PROTOTYPES = YES;
				CLANG_WARN_SUSPICIOUS_MOVE = YES;
				CLANG_WARN_UNGUARDED_AVAILABILITY = YES_AGGRESSIVE;
				CLANG_WARN_UNREACHABLE_CODE = YES;
				CLANG_WARN__DUPLICATE_METHOD_MATCH = YES;
				CODE_SIGN_IDENTITY = "iPhone Developer";
				COPY_PHASE_STRIP = NO;
				DEBUG_INFORMATION_FORMAT = dwarf;
				ENABLE_STRICT_OBJC_MSGSEND = YES;
				ENABLE_TESTABILITY = YES;
				GCC_C_LANGUAGE_STANDARD = gnu11;
				GCC_DYNAMIC_NO_PIC = NO;
				GCC_NO_COMMON_BLOCKS = YES;
				GCC_OPTIMIZATION_LEVEL = 0;
				GCC_PREPROCESSOR_DEFINITIONS = (
					"DEBUG=1",
					"$(inherited)",
				);
				GCC_WARN_64_TO_32_BIT_CONVERSION = YES;
				GCC_WARN_ABOUT_RETURN_TYPE = YES_ERROR;
				GCC_WARN_UNDECLARED_SELECTOR = YES;
				GCC_WARN_UNINITIALIZED_AUTOS = YES_AGGRESSIVE;
				GCC_WARN_UNUSED_FUNCTION = YES;
				GCC_WARN_UNUSED_VARIABLE = YES;
				IPHONEOS_DEPLOYMENT_TARGET = 11.2;
				MTL_ENABLE_DEBUG_INFO = YES;
				ONLY_ACTIVE_ARCH = YES;
				SDKROOT = iphoneos;
				SWIFT_ACTIVE_COMPILATION_CONDITIONS = DEBUG;
				SWIFT_OPTIMIZATION_LEVEL = "-Onone";
			};
			name = Debug;
		};
		8235DC1520877FA400CBCD20 /* Release */ = {
			isa = XCBuildConfiguration;
			buildSettings = {
				ALWAYS_SEARCH_USER_PATHS = NO;
				CLANG_ANALYZER_NONNULL = YES;
				CLANG_ANALYZER_NUMBER_OBJECT_CONVERSION = YES_AGGRESSIVE;
				CLANG_CXX_LANGUAGE_STANDARD = "gnu++14";
				CLANG_CXX_LIBRARY = "libc++";
				CLANG_ENABLE_MODULES = YES;
				CLANG_ENABLE_OBJC_ARC = YES;
				CLANG_WARN_BLOCK_CAPTURE_AUTORELEASING = YES;
				CLANG_WARN_BOOL_CONVERSION = YES;
				CLANG_WARN_COMMA = YES;
				CLANG_WARN_CONSTANT_CONVERSION = YES;
				CLANG_WARN_DIRECT_OBJC_ISA_USAGE = YES_ERROR;
				CLANG_WARN_DOCUMENTATION_COMMENTS = YES;
				CLANG_WARN_EMPTY_BODY = YES;
				CLANG_WARN_ENUM_CONVERSION = YES;
				CLANG_WARN_INFINITE_RECURSION = YES;
				CLANG_WARN_INT_CONVERSION = YES;
				CLANG_WARN_NON_LITERAL_NULL_CONVERSION = YES;
				CLANG_WARN_OBJC_LITERAL_CONVERSION = YES;
				CLANG_WARN_OBJC_ROOT_CLASS = YES_ERROR;
				CLANG_WARN_RANGE_LOOP_ANALYSIS = YES;
				CLANG_WARN_STRICT_PROTOTYPES = YES;
				CLANG_WARN_SUSPICIOUS_MOVE = YES;
				CLANG_WARN_UNGUARDED_AVAILABILITY = YES_AGGRESSIVE;
				CLANG_WARN_UNREACHABLE_CODE = YES;
				CLANG_WARN__DUPLICATE_METHOD_MATCH = YES;
				CODE_SIGN_IDENTITY = "iPhone Developer";
				COPY_PHASE_STRIP = NO;
				DEBUG_INFORMATION_FORMAT = "dwarf-with-dsym";
				ENABLE_NS_ASSERTIONS = NO;
				ENABLE_STRICT_OBJC_MSGSEND = YES;
				GCC_C_LANGUAGE_STANDARD = gnu11;
				GCC_NO_COMMON_BLOCKS = YES;
				GCC_WARN_64_TO_32_BIT_CONVERSION = YES;
				GCC_WARN_ABOUT_RETURN_TYPE = YES_ERROR;
				GCC_WARN_UNDECLARED_SELECTOR = YES;
				GCC_WARN_UNINITIALIZED_AUTOS = YES_AGGRESSIVE;
				GCC_WARN_UNUSED_FUNCTION = YES;
				GCC_WARN_UNUSED_VARIABLE = YES;
				IPHONEOS_DEPLOYMENT_TARGET = 11.2;
				MTL_ENABLE_DEBUG_INFO = NO;
				SDKROOT = iphoneos;
				SWIFT_OPTIMIZATION_LEVEL = "-Owholemodule";
				VALIDATE_PRODUCT = YES;
			};
			name = Release;
		};
		8235DC1720877FA400CBCD20 /* Debug */ = {
			isa = XCBuildConfiguration;
			baseConfigurationReference = F9FAC673861620C2B4069EEE /* Pods-BridgeCup.debug.xcconfig */;
			buildSettings = {
				ASSETCATALOG_COMPILER_APPICON_NAME = AppIcon;
				CODE_SIGN_STYLE = Automatic;
				DEVELOPMENT_TEAM = U3N52Z5982;
				INFOPLIST_FILE = BridgeCup/Info.plist;
				LD_RUNPATH_SEARCH_PATHS = "$(inherited) @executable_path/Frameworks";
				PRODUCT_BUNDLE_IDENTIFIER = Bridge.BridgeCup;
				PRODUCT_NAME = "$(TARGET_NAME)";
				SWIFT_VERSION = 4.0;
				TARGETED_DEVICE_FAMILY = "1,2";
			};
			name = Debug;
		};
		8235DC1820877FA400CBCD20 /* Release */ = {
			isa = XCBuildConfiguration;
			baseConfigurationReference = 8F31037BA213699B641272C2 /* Pods-BridgeCup.release.xcconfig */;
			buildSettings = {
				ASSETCATALOG_COMPILER_APPICON_NAME = AppIcon;
				CODE_SIGN_STYLE = Automatic;
				DEVELOPMENT_TEAM = U3N52Z5982;
				INFOPLIST_FILE = BridgeCup/Info.plist;
				LD_RUNPATH_SEARCH_PATHS = "$(inherited) @executable_path/Frameworks";
				PRODUCT_BUNDLE_IDENTIFIER = Bridge.BridgeCup;
				PRODUCT_NAME = "$(TARGET_NAME)";
				SWIFT_VERSION = 4.0;
				TARGETED_DEVICE_FAMILY = "1,2";
			};
			name = Release;
		};
		8235DC1A20877FA400CBCD20 /* Debug */ = {
			isa = XCBuildConfiguration;
			baseConfigurationReference = B0349186111D78A5BD90E24A /* Pods-BridgeCupTests.debug.xcconfig */;
			buildSettings = {
				ALWAYS_EMBED_SWIFT_STANDARD_LIBRARIES = YES;
				BUNDLE_LOADER = "$(TEST_HOST)";
				CODE_SIGN_STYLE = Automatic;
				DEVELOPMENT_TEAM = U3N52Z5982;
				INFOPLIST_FILE = BridgeCupTests/Info.plist;
				LD_RUNPATH_SEARCH_PATHS = "$(inherited) @executable_path/Frameworks @loader_path/Frameworks";
				PRODUCT_BUNDLE_IDENTIFIER = Brdige.BridgeCupTests;
				PRODUCT_NAME = "$(TARGET_NAME)";
				SWIFT_VERSION = 4.0;
				TARGETED_DEVICE_FAMILY = "1,2";
				TEST_HOST = "$(BUILT_PRODUCTS_DIR)/BridgeCup.app/BridgeCup";
			};
			name = Debug;
		};
		8235DC1B20877FA400CBCD20 /* Release */ = {
			isa = XCBuildConfiguration;
			baseConfigurationReference = 5AA9EDD9FB7FE88124692510 /* Pods-BridgeCupTests.release.xcconfig */;
			buildSettings = {
				ALWAYS_EMBED_SWIFT_STANDARD_LIBRARIES = YES;
				BUNDLE_LOADER = "$(TEST_HOST)";
				CODE_SIGN_STYLE = Automatic;
				DEVELOPMENT_TEAM = U3N52Z5982;
				INFOPLIST_FILE = BridgeCupTests/Info.plist;
				LD_RUNPATH_SEARCH_PATHS = "$(inherited) @executable_path/Frameworks @loader_path/Frameworks";
				PRODUCT_BUNDLE_IDENTIFIER = Brdige.BridgeCupTests;
				PRODUCT_NAME = "$(TARGET_NAME)";
				SWIFT_VERSION = 4.0;
				TARGETED_DEVICE_FAMILY = "1,2";
				TEST_HOST = "$(BUILT_PRODUCTS_DIR)/BridgeCup.app/BridgeCup";
			};
			name = Release;
		};
		8235DC1D20877FA400CBCD20 /* Debug */ = {
			isa = XCBuildConfiguration;
			baseConfigurationReference = A2D9FFCBDCE5D69BBC62A6AA /* Pods-BridgeCupUITests.debug.xcconfig */;
			buildSettings = {
				ALWAYS_EMBED_SWIFT_STANDARD_LIBRARIES = YES;
				CODE_SIGN_STYLE = Automatic;
				DEVELOPMENT_TEAM = U3N52Z5982;
				INFOPLIST_FILE = BridgeCupUITests/Info.plist;
				LD_RUNPATH_SEARCH_PATHS = "$(inherited) @executable_path/Frameworks @loader_path/Frameworks";
				PRODUCT_BUNDLE_IDENTIFIER = Brdige.BridgeCupUITests;
				PRODUCT_NAME = "$(TARGET_NAME)";
				SWIFT_VERSION = 4.0;
				TARGETED_DEVICE_FAMILY = "1,2";
				TEST_TARGET_NAME = BridgeCup;
			};
			name = Debug;
		};
		8235DC1E20877FA400CBCD20 /* Release */ = {
			isa = XCBuildConfiguration;
			baseConfigurationReference = DED0DCC03241F46A25C19EDF /* Pods-BridgeCupUITests.release.xcconfig */;
			buildSettings = {
				ALWAYS_EMBED_SWIFT_STANDARD_LIBRARIES = YES;
				CODE_SIGN_STYLE = Automatic;
				DEVELOPMENT_TEAM = U3N52Z5982;
				INFOPLIST_FILE = BridgeCupUITests/Info.plist;
				LD_RUNPATH_SEARCH_PATHS = "$(inherited) @executable_path/Frameworks @loader_path/Frameworks";
				PRODUCT_BUNDLE_IDENTIFIER = Brdige.BridgeCupUITests;
				PRODUCT_NAME = "$(TARGET_NAME)";
				SWIFT_VERSION = 4.0;
				TARGETED_DEVICE_FAMILY = "1,2";
				TEST_TARGET_NAME = BridgeCup;
			};
			name = Release;
		};
/* End XCBuildConfiguration section */

/* Begin XCConfigurationList section */
		8235DBE920877FA400CBCD20 /* Build configuration list for PBXProject "BridgeCup" */ = {
			isa = XCConfigurationList;
			buildConfigurations = (
				8235DC1420877FA400CBCD20 /* Debug */,
				8235DC1520877FA400CBCD20 /* Release */,
			);
			defaultConfigurationIsVisible = 0;
			defaultConfigurationName = Release;
		};
		8235DC1620877FA400CBCD20 /* Build configuration list for PBXNativeTarget "BridgeCup" */ = {
			isa = XCConfigurationList;
			buildConfigurations = (
				8235DC1720877FA400CBCD20 /* Debug */,
				8235DC1820877FA400CBCD20 /* Release */,
			);
			defaultConfigurationIsVisible = 0;
			defaultConfigurationName = Release;
		};
		8235DC1920877FA400CBCD20 /* Build configuration list for PBXNativeTarget "BridgeCupTests" */ = {
			isa = XCConfigurationList;
			buildConfigurations = (
				8235DC1A20877FA400CBCD20 /* Debug */,
				8235DC1B20877FA400CBCD20 /* Release */,
			);
			defaultConfigurationIsVisible = 0;
			defaultConfigurationName = Release;
		};
		8235DC1C20877FA400CBCD20 /* Build configuration list for PBXNativeTarget "BridgeCupUITests" */ = {
			isa = XCConfigurationList;
			buildConfigurations = (
				8235DC1D20877FA400CBCD20 /* Debug */,
				8235DC1E20877FA400CBCD20 /* Release */,
			);
			defaultConfigurationIsVisible = 0;
			defaultConfigurationName = Release;
		};
/* End XCConfigurationList section */
	};
	rootObject = 8235DBE620877FA400CBCD20 /* Project object */;
}
